
Microsoft Visual Studio Solution File, Format Version 12.00
# Visual Studio Version 17
VisualStudioVersion = 17.11.35327.3
MinimumVisualStudioVersion = 10.0.40219.1
Project("{FAE04EC0-301F-11D3-BF4B-00C04F79EFBC}") = "pim1", "pim1\pim1.csproj", "{8D2A4273-921C-4D96-BB7D-426D41C82F06}"
EndProject
Project("{2150E333-8FDC-42A3-9474-1A3956D46DE8}") = "Solution Items", "Solution Items", "{37D761A4-A8F3-47EF-BD80-8C7101A56EB2}"
	ProjectSection(SolutionItems) = preProject
		.editorconfig = .editorconfig
	EndProjectSection
EndProject
Global
	GlobalSection(SolutionConfigurationPlatforms) = preSolution
		Debug|Any CPU = Debug|Any CPU
		Release|Any CPU = Release|Any CPU
	EndGlobalSection
	GlobalSection(ProjectConfigurationPlatforms) = postSolution
		{8D2A4273-921C-4D96-BB7D-426D41C82F06}.Debug|Any CPU.ActiveCfg = Debug|Any CPU
		{8D2A4273-921C-4D96-BB7D-426D41C82F06}.Debug|Any CPU.Build.0 = Debug|Any CPU
		{8D2A4273-921C-4D96-BB7D-426D41C82F06}.Release|Any CPU.ActiveCfg = Release|Any CPU
		{8D2A4273-921C-4D96-BB7D-426D41C82F06}.Release|Any CPU.Build.0 = Release|Any CPU
	EndGlobalSection
	GlobalSection(SolutionProperties) = preSolution
		HideSolutionNode = FALSE
	EndGlobalSection
	GlobalSection(ExtensibilityGlobals) = postSolution
		SolutionGuid = {CD0B401A-3C2B-407C-A403-E41570FA25D9}
	EndGlobalSection
EndGlobal
